
Microsoft Visual Studio Solution File, Format Version 12.00
# Visual Studio Version 16
VisualStudioVersion = 16.0.30804.86
MinimumVisualStudioVersion = 10.0.40219.1
Project("{2150E333-8FDC-42A3-9474-1A3956D46DE8}") = "API", "API", "{9AA0F3A1-DF1A-4C75-BCF8-FCE3EAF1E3AE}"
EndProject
Project("{2150E333-8FDC-42A3-9474-1A3956D46DE8}") = "Domain", "Domain", "{6FFA31BC-92C3-4758-A333-818D52407E3F}"
EndProject
Project("{9A19103F-16F7-4668-BE54-9A1E7A4F7556}") = "CourseManagement.API", "API\CourseManagement.API\CourseManagement.API.csproj", "{68F966EA-5870-4361-983A-B0CAEF420F03}"
EndProject
Project("{9A19103F-16F7-4668-BE54-9A1E7A4F7556}") = "CourseManagement.Domain", "Domain\CourseManagement.Domain\CourseManagement.Domain.csproj", "{58508BC9-2F5B-4732-AABC-5775A8CAA46E}"
EndProject
Project("{2150E333-8FDC-42A3-9474-1A3956D46DE8}") = "Intrastructure", "Intrastructure", "{E865457E-1DD6-4744-A676-E5272747787C}"
EndProject
Project("{2150E333-8FDC-42A3-9474-1A3956D46DE8}") = "Application", "Application", "{452F715B-38C6-4E83-93D6-888E3E428A44}"
EndProject
Project("{9A19103F-16F7-4668-BE54-9A1E7A4F7556}") = "CourseManagement.Infrastructure", "Intrastructure\CourseManagement.Infrastructure\CourseManagement.Infrastructure.csproj", "{CE668A16-F3AD-4419-9B96-3CCBD159E5F2}"
EndProject
Project("{9A19103F-16F7-4668-BE54-9A1E7A4F7556}") = "CourseManagement.Application", "Application\CourseManagement.Application\CourseManagement.Application.csproj", "{88F1AD6F-FB9A-4548-9A5E-210784030CF8}"
	ProjectSection(ProjectDependencies) = postProject
		{58508BC9-2F5B-4732-AABC-5775A8CAA46E} = {58508BC9-2F5B-4732-AABC-5775A8CAA46E}
	EndProjectSection
EndProject
Project("{2150E333-8FDC-42A3-9474-1A3956D46DE8}") = "Tests", "Tests", "{6CA6D68C-AFC4-4931-B75F-59A80932223D}"
EndProject
Project("{9A19103F-16F7-4668-BE54-9A1E7A4F7556}") = "CourseManagement.Tests", "Tests\CourseManegement.Tests\CourseManagement.Tests.csproj", "{9D942F4D-7A4C-4BED-9ED1-3AEF2DBA7071}"
EndProject
Project("{E53339B2-1760-4266-BCC7-CA923CBCF16C}") = "docker-compose", "docker-compose.dcproj", "{E90A6272-3BD4-41C7-AFF5-371125E363A8}"
EndProject
Global
	GlobalSection(SolutionConfigurationPlatforms) = preSolution
		Debug|Any CPU = Debug|Any CPU
		Release|Any CPU = Release|Any CPU
	EndGlobalSection
	GlobalSection(ProjectConfigurationPlatforms) = postSolution
		{68F966EA-5870-4361-983A-B0CAEF420F03}.Debug|Any CPU.ActiveCfg = Debug|Any CPU
		{68F966EA-5870-4361-983A-B0CAEF420F03}.Debug|Any CPU.Build.0 = Debug|Any CPU
		{68F966EA-5870-4361-983A-B0CAEF420F03}.Release|Any CPU.ActiveCfg = Release|Any CPU
		{68F966EA-5870-4361-983A-B0CAEF420F03}.Release|Any CPU.Build.0 = Release|Any CPU
		{58508BC9-2F5B-4732-AABC-5775A8CAA46E}.Debug|Any CPU.ActiveCfg = Debug|Any CPU
		{58508BC9-2F5B-4732-AABC-5775A8CAA46E}.Debug|Any CPU.Build.0 = Debug|Any CPU
		{58508BC9-2F5B-4732-AABC-5775A8CAA46E}.Release|Any CPU.ActiveCfg = Release|Any CPU
		{58508BC9-2F5B-4732-AABC-5775A8CAA46E}.Release|Any CPU.Build.0 = Release|Any CPU
		{CE668A16-F3AD-4419-9B96-3CCBD159E5F2}.Debug|Any CPU.ActiveCfg = Debug|Any CPU
		{CE668A16-F3AD-4419-9B96-3CCBD159E5F2}.Debug|Any CPU.Build.0 = Debug|Any CPU
		{CE668A16-F3AD-4419-9B96-3CCBD159E5F2}.Release|Any CPU.ActiveCfg = Release|Any CPU
		{CE668A16-F3AD-4419-9B96-3CCBD159E5F2}.Release|Any CPU.Build.0 = Release|Any CPU
		{88F1AD6F-FB9A-4548-9A5E-210784030CF8}.Debug|Any CPU.ActiveCfg = Debug|Any CPU
		{88F1AD6F-FB9A-4548-9A5E-210784030CF8}.Debug|Any CPU.Build.0 = Debug|Any CPU
		{88F1AD6F-FB9A-4548-9A5E-210784030CF8}.Release|Any CPU.ActiveCfg = Release|Any CPU
		{88F1AD6F-FB9A-4548-9A5E-210784030CF8}.Release|Any CPU.Build.0 = Release|Any CPU
		{9D942F4D-7A4C-4BED-9ED1-3AEF2DBA7071}.Debug|Any CPU.ActiveCfg = Debug|Any CPU
		{9D942F4D-7A4C-4BED-9ED1-3AEF2DBA7071}.Debug|Any CPU.Build.0 = Debug|Any CPU
		{9D942F4D-7A4C-4BED-9ED1-3AEF2DBA7071}.Release|Any CPU.ActiveCfg = Release|Any CPU
		{9D942F4D-7A4C-4BED-9ED1-3AEF2DBA7071}.Release|Any CPU.Build.0 = Release|Any CPU
		{E90A6272-3BD4-41C7-AFF5-371125E363A8}.Debug|Any CPU.ActiveCfg = Debug|Any CPU
		{E90A6272-3BD4-41C7-AFF5-371125E363A8}.Debug|Any CPU.Build.0 = Debug|Any CPU
		{E90A6272-3BD4-41C7-AFF5-371125E363A8}.Release|Any CPU.ActiveCfg = Release|Any CPU
		{E90A6272-3BD4-41C7-AFF5-371125E363A8}.Release|Any CPU.Build.0 = Release|Any CPU
	EndGlobalSection
	GlobalSection(SolutionProperties) = preSolution
		HideSolutionNode = FALSE
	EndGlobalSection
	GlobalSection(NestedProjects) = preSolution
		{68F966EA-5870-4361-983A-B0CAEF420F03} = {9AA0F3A1-DF1A-4C75-BCF8-FCE3EAF1E3AE}
		{58508BC9-2F5B-4732-AABC-5775A8CAA46E} = {6FFA31BC-92C3-4758-A333-818D52407E3F}
		{CE668A16-F3AD-4419-9B96-3CCBD159E5F2} = {E865457E-1DD6-4744-A676-E5272747787C}
		{88F1AD6F-FB9A-4548-9A5E-210784030CF8} = {452F715B-38C6-4E83-93D6-888E3E428A44}
		{9D942F4D-7A4C-4BED-9ED1-3AEF2DBA7071} = {6CA6D68C-AFC4-4931-B75F-59A80932223D}
	EndGlobalSection
	GlobalSection(ExtensibilityGlobals) = postSolution
		SolutionGuid = {79D3C56C-CE2A-4278-81D0-EC1E9154BBC4}
	EndGlobalSection
EndGlobal
